#MicroXplorer Configuration settings - do not modify
ADC1.Channel-0\#ChannelRegularConversion=ADC_CHANNEL_7
ADC1.ClockPrescaler=ADC_CLOCK_SYNC_PCLK_DIV4
ADC1.ContinuousConvMode=DISABLE
ADC1.DMAContinuousRequests=DISABLE
ADC1.DataAlign=ADC_DATAALIGN_RIGHT
ADC1.DiscontinuousConvMode=DISABLE
ADC1.EOCSelection=ADC_EOC_SINGLE_CONV
ADC1.EnableAnalogWatchDog=false
ADC1.ExternalTrigConvEdge=ADC_EXTERNALTRIGCONVEDGE_NONE
ADC1.IPParameters=NbrOfConversionFlag,Channel-0\#ChannelRegularConversion,ScanConvMode,master,Resolution,ClockPrescaler,DataAlign,ContinuousConvMode,DiscontinuousConvMode,DMAContinuousRequests,EOCSelection,NbrOfConversion,ExternalTrigConvEdge,InjNumberOfConversion,EnableAnalogWatchDog,Rank-0\#ChannelRegularConversion,SamplingTime-0\#ChannelRegularConversion
ADC1.InjNumberOfConversion=0
ADC1.NbrOfConversion=1
ADC1.NbrOfConversionFlag=1
ADC1.Rank-0\#ChannelRegularConversion=1
ADC1.Resolution=ADC_RESOLUTION_10B
ADC1.SamplingTime-0\#ChannelRegularConversion=ADC_SAMPLETIME_3CYCLES
ADC1.ScanConvMode=ENABLE
ADC1.master=1
Dma.Request0=USART1_RX
Dma.Request1=USART1_TX
Dma.Request2=SDIO_RX
Dma.Request3=SDIO_TX
Dma.RequestsNb=4
Dma.SDIO_RX.2.Direction=DMA_PERIPH_TO_MEMORY
Dma.SDIO_RX.2.FIFOMode=DMA_FIFOMODE_ENABLE
Dma.SDIO_RX.2.FIFOThreshold=DMA_FIFO_THRESHOLD_FULL
Dma.SDIO_RX.2.Instance=DMA2_Stream3
Dma.SDIO_RX.2.MemBurst=DMA_MBURST_INC4
Dma.SDIO_RX.2.MemDataAlignment=DMA_MDATAALIGN_WORD
Dma.SDIO_RX.2.MemInc=DMA_MINC_ENABLE
Dma.SDIO_RX.2.Mode=DMA_PFCTRL
Dma.SDIO_RX.2.PeriphBurst=DMA_PBURST_INC4
Dma.SDIO_RX.2.PeriphDataAlignment=DMA_PDATAALIGN_WORD
Dma.SDIO_RX.2.PeriphInc=DMA_PINC_DISABLE
Dma.SDIO_RX.2.Priority=DMA_PRIORITY_LOW
Dma.SDIO_RX.2.RequestParameters=Instance,Direction,PeriphInc,MemInc,PeriphDataAlignment,MemDataAlignment,Mode,Priority,FIFOMode,FIFOThreshold,MemBurst,PeriphBurst
Dma.SDIO_TX.3.Direction=DMA_MEMORY_TO_PERIPH
Dma.SDIO_TX.3.FIFOMode=DMA_FIFOMODE_ENABLE
Dma.SDIO_TX.3.FIFOThreshold=DMA_FIFO_THRESHOLD_FULL
Dma.SDIO_TX.3.Instance=DMA2_Stream6
Dma.SDIO_TX.3.MemBurst=DMA_MBURST_INC4
Dma.SDIO_TX.3.MemDataAlignment=DMA_MDATAALIGN_WORD
Dma.SDIO_TX.3.MemInc=DMA_MINC_ENABLE
Dma.SDIO_TX.3.Mode=DMA_PFCTRL
Dma.SDIO_TX.3.PeriphBurst=DMA_PBURST_INC4
Dma.SDIO_TX.3.PeriphDataAlignment=DMA_PDATAALIGN_WORD
Dma.SDIO_TX.3.PeriphInc=DMA_PINC_DISABLE
Dma.SDIO_TX.3.Priority=DMA_PRIORITY_LOW
Dma.SDIO_TX.3.RequestParameters=Instance,Direction,PeriphInc,MemInc,PeriphDataAlignment,MemDataAlignment,Mode,Priority,FIFOMode,FIFOThreshold,MemBurst,PeriphBurst
Dma.USART1_RX.0.Direction=DMA_PERIPH_TO_MEMORY
Dma.USART1_RX.0.FIFOMode=DMA_FIFOMODE_DISABLE
Dma.USART1_RX.0.Instance=DMA2_Stream5
Dma.USART1_RX.0.MemDataAlignment=DMA_MDATAALIGN_BYTE
Dma.USART1_RX.0.MemInc=DMA_MINC_ENABLE
Dma.USART1_RX.0.Mode=DMA_CIRCULAR
Dma.USART1_RX.0.PeriphDataAlignment=DMA_PDATAALIGN_BYTE
Dma.USART1_RX.0.PeriphInc=DMA_PINC_DISABLE
Dma.USART1_RX.0.Priority=DMA_PRIORITY_LOW
Dma.USART1_RX.0.RequestParameters=Instance,Direction,PeriphInc,MemInc,PeriphDataAlignment,MemDataAlignment,Mode,Priority,FIFOMode
Dma.USART1_TX.1.Direction=DMA_MEMORY_TO_PERIPH
Dma.USART1_TX.1.FIFOMode=DMA_FIFOMODE_DISABLE
Dma.USART1_TX.1.Instance=DMA2_Stream7
Dma.USART1_TX.1.MemDataAlignment=DMA_MDATAALIGN_BYTE
Dma.USART1_TX.1.MemInc=DMA_MINC_ENABLE
Dma.USART1_TX.1.Mode=DMA_CIRCULAR
Dma.USART1_TX.1.PeriphDataAlignment=DMA_PDATAALIGN_BYTE
Dma.USART1_TX.1.PeriphInc=DMA_PINC_DISABLE
Dma.USART1_TX.1.Priority=DMA_PRIORITY_LOW
Dma.USART1_TX.1.RequestParameters=Instance,Direction,PeriphInc,MemInc,PeriphDataAlignment,MemDataAlignment,Mode,Priority,FIFOMode
FATFS.BSP.number=1
FATFS.IPParameters=_MAX_LFN,_MAX_SS,_CODE_PAGE,_FS_LOCK,_USE_LFN,_USE_TRIM
FATFS._CODE_PAGE=936
FATFS._FS_LOCK=16
FATFS._MAX_LFN=128
FATFS._MAX_SS=512
FATFS._USE_LFN=3
FATFS._USE_TRIM=0
FATFS0.BSP.STBoard=false
FATFS0.BSP.api=UnknownBspDriver
FATFS0.BSP.component=
FATFS0.BSP.condition=
FATFS0.BSP.i2caddr=0
FATFS0.BSP.i2creg=0
FATFS0.BSP.instance=PB6
FATFS0.BSP.ip=GPIO
FATFS0.BSP.mode=Input
FATFS0.BSP.name=Detect_SDIO
FATFS0.BSP.semaphore=
FATFS0.BSP.solution=PB6
FREERTOS.CountingSemaphores01=GUISendSem,2,Dynamic,NULL;GUIWaitSem,2,Dynamic,NULL;ReadUdiskSem,2,Dynamic,NULL;ReceiveUartCmd,2,Dynamic,NULL
FREERTOS.FootprintOK=true
FREERTOS.HEAP_NUMBER=4
FREERTOS.INCLUDE_uxTaskGetStackHighWaterMark=1
FREERTOS.IPParameters=configTOTAL_HEAP_SIZE,HEAP_NUMBER,configMAX_PRIORITIES,INCLUDE_uxTaskGetStackHighWaterMark,configGENERATE_RUN_TIME_STATS,configLIBRARY_MAX_SYSCALL_INTERRUPT_PRIORITY,Queues01,configMINIMAL_STACK_SIZE,Tasks01,FootprintOK,configUSE_TRACE_FACILITY,configUSE_COUNTING_SEMAPHORES,configUSE_RECURSIVE_MUTEXES,CountingSemaphores01,configUSE_STATS_FORMATTING_FUNCTIONS,configUSE_TICKLESS_IDLE
FREERTOS.Queues01=GcodeCommand,32,uint32_t,0,Dynamic,NULL,NULL
FREERTOS.Tasks01=InitTask,3,1024,InitTask_OS,Default,NULL,Dynamic,NULL,NULL;RefDataTask,2,1024,RefDataTask_OS,Default,NULL,Dynamic,NULL,NULL;ReadUdiskTask,2,1024,ReadUdiskTask_OS,Default,NULL,Dynamic,NULL,NULL;PrintTask,2,1024,PrintTask_OS,Default,NULL,Dynamic,NULL,NULL;GUITask,0,1024,GUITask_OS,Default,NULL,Dynamic,NULL,NULL;RespondGUITask,0,1024,RespondGUITask_OS,Default,NULL,Dynamic,NULL,NULL
FREERTOS.configGENERATE_RUN_TIME_STATS=0
FREERTOS.configLIBRARY_MAX_SYSCALL_INTERRUPT_PRIORITY=5
FREERTOS.configMAX_PRIORITIES=7
FREERTOS.configMINIMAL_STACK_SIZE=128
FREERTOS.configTOTAL_HEAP_SIZE=32768
FREERTOS.configUSE_COUNTING_SEMAPHORES=1
FREERTOS.configUSE_RECURSIVE_MUTEXES=1
FREERTOS.configUSE_STATS_FORMATTING_FUNCTIONS=0
FREERTOS.configUSE_TICKLESS_IDLE=0
FREERTOS.configUSE_TRACE_FACILITY=1
FSMC.BusTurnAroundDuration1=0
FSMC.DataSetupTime1=60
FSMC.ExtendedAddressSetupTime1=9
FSMC.ExtendedBusTurnAroundDuration1=0
FSMC.ExtendedDataSetupTime1=8
FSMC.ExtendedMode1=FSMC_EXTENDED_MODE_ENABLE
FSMC.IPParameters=ExtendedMode1,DataSetupTime1,BusTurnAroundDuration1,ExtendedAddressSetupTime1,ExtendedBusTurnAroundDuration1,ExtendedDataSetupTime1
File.Version=6
GPIO.groupedBy=Group By Peripherals
IWDG.IPParameters=Reload,Prescaler
IWDG.Prescaler=IWDG_PRESCALER_64
IWDG.Reload=3125
KeepUserPlacement=false
Mcu.Family=STM32F4
Mcu.IP0=ADC1
Mcu.IP1=DMA
Mcu.IP10=TIM2
Mcu.IP11=TIM3
Mcu.IP12=TIM4
Mcu.IP13=TIM5
Mcu.IP14=TIM6
Mcu.IP15=TIM7
Mcu.IP16=USART1
Mcu.IP17=USB_HOST
Mcu.IP18=USB_OTG_FS
Mcu.IP2=FATFS
Mcu.IP3=FREERTOS
Mcu.IP4=FSMC
Mcu.IP5=IWDG
Mcu.IP6=NVIC
Mcu.IP7=RCC
Mcu.IP8=SDIO
Mcu.IP9=SYS
Mcu.IPNb=19
Mcu.Name=STM32F407V(E-G)Tx
Mcu.Package=LQFP100
Mcu.Pin0=PE2
Mcu.Pin1=PE3
Mcu.Pin10=PC1
Mcu.Pin11=PC2
Mcu.Pin12=PC3
Mcu.Pin13=PA0-WKUP
Mcu.Pin14=PA1
Mcu.Pin15=PA2
Mcu.Pin16=PA3
Mcu.Pin17=PA4
Mcu.Pin18=PA5
Mcu.Pin19=PA6
Mcu.Pin2=PE4
Mcu.Pin20=PA7
Mcu.Pin21=PC4
Mcu.Pin22=PC5
Mcu.Pin23=PB0
Mcu.Pin24=PB1
Mcu.Pin25=PB2
Mcu.Pin26=PE7
Mcu.Pin27=PE8
Mcu.Pin28=PE9
Mcu.Pin29=PE10
Mcu.Pin3=PE5
Mcu.Pin30=PE11
Mcu.Pin31=PE12
Mcu.Pin32=PE13
Mcu.Pin33=PE14
Mcu.Pin34=PE15
Mcu.Pin35=PB10
Mcu.Pin36=PB11
Mcu.Pin37=PB12
Mcu.Pin38=PB13
Mcu.Pin39=PD8
Mcu.Pin4=PE6
Mcu.Pin40=PD9
Mcu.Pin41=PD10
Mcu.Pin42=PD11
Mcu.Pin43=PD12
Mcu.Pin44=PD13
Mcu.Pin45=PD14
Mcu.Pin46=PD15
Mcu.Pin47=PC6
Mcu.Pin48=PC7
Mcu.Pin49=PC8
Mcu.Pin5=PC13-ANTI_TAMP
Mcu.Pin50=PC9
Mcu.Pin51=PA8
Mcu.Pin52=PA9
Mcu.Pin53=PA10
Mcu.Pin54=PA11
Mcu.Pin55=PA12
Mcu.Pin56=PA15
Mcu.Pin57=PC10
Mcu.Pin58=PC11
Mcu.Pin59=PC12
Mcu.Pin6=PC15-OSC32_OUT
Mcu.Pin60=PD0
Mcu.Pin61=PD1
Mcu.Pin62=PD2
Mcu.Pin63=PD3
Mcu.Pin64=PD4
Mcu.Pin65=PD5
Mcu.Pin66=PD6
Mcu.Pin67=PD7
Mcu.Pin68=PB5
Mcu.Pin69=PB6
Mcu.Pin7=PH0-OSC_IN
Mcu.Pin70=PB7
Mcu.Pin71=PB9
Mcu.Pin72=PE0
Mcu.Pin73=PE1
Mcu.Pin74=VP_FATFS_VS_SDIO
Mcu.Pin75=VP_FATFS_VS_USB
Mcu.Pin76=VP_FREERTOS_VS_ENABLE
Mcu.Pin77=VP_IWDG_VS_IWDG
Mcu.Pin78=VP_SYS_VS_tim1
Mcu.Pin79=VP_TIM2_VS_ClockSourceINT
Mcu.Pin8=PH1-OSC_OUT
Mcu.Pin80=VP_TIM3_VS_ClockSourceINT
Mcu.Pin81=VP_TIM4_VS_ClockSourceINT
Mcu.Pin82=VP_TIM5_VS_ClockSourceINT
Mcu.Pin83=VP_TIM6_VS_ClockSourceINT
Mcu.Pin84=VP_TIM7_VS_ClockSourceINT
Mcu.Pin85=VP_USB_HOST_VS_USB_HOST_MSC_FS
Mcu.Pin9=PC0
Mcu.PinsNb=86
Mcu.ThirdPartyNb=0
Mcu.UserConstants=
Mcu.UserName=STM32F407VGTx
MxCube.Version=5.0.1
MxDb.Version=DB.5.0.1
NVIC.ADC_IRQn=true\:6\:0\:true\:false\:true\:true\:true
NVIC.BusFault_IRQn=true\:0\:0\:false\:false\:false\:false\:false
NVIC.DMA2_Stream3_IRQn=true\:5\:0\:true\:false\:true\:true\:true
NVIC.DMA2_Stream5_IRQn=true\:7\:0\:true\:false\:true\:true\:true
NVIC.DMA2_Stream6_IRQn=true\:5\:0\:true\:false\:true\:true\:true
NVIC.DMA2_Stream7_IRQn=true\:7\:0\:true\:false\:true\:true\:true
NVIC.DebugMonitor_IRQn=true\:0\:0\:false\:false\:false\:false\:false
NVIC.EXTI3_IRQn=true\:5\:0\:true\:false\:true\:true\:true
NVIC.ForceEnableDMAVector=true
NVIC.HardFault_IRQn=true\:0\:0\:false\:false\:false\:false\:false
NVIC.MemoryManagement_IRQn=true\:0\:0\:false\:false\:false\:false\:false
NVIC.NonMaskableInt_IRQn=true\:0\:0\:false\:false\:false\:false\:false
NVIC.OTG_FS_IRQn=true\:5\:0\:true\:false\:true\:true\:true
NVIC.PendSV_IRQn=true\:15\:0\:false\:false\:false\:true\:false
NVIC.PriorityGroup=NVIC_PRIORITYGROUP_4
NVIC.SDIO_IRQn=true\:5\:0\:true\:false\:true\:true\:true
NVIC.SVCall_IRQn=true\:0\:0\:false\:false\:false\:false\:false
NVIC.SysTick_IRQn=true\:15\:0\:true\:false\:false\:true\:false
NVIC.TIM1_UP_TIM10_IRQn=true\:0\:0\:false\:false\:true\:false\:true
NVIC.TIM2_IRQn=true\:7\:0\:true\:false\:true\:true\:true
NVIC.TIM3_IRQn=true\:7\:0\:true\:false\:true\:true\:true
NVIC.TIM4_IRQn=true\:5\:0\:true\:false\:true\:false\:true
NVIC.TIM5_IRQn=true\:7\:0\:true\:false\:true\:true\:true
NVIC.TIM6_DAC_IRQn=true\:5\:0\:true\:false\:true\:true\:true
NVIC.TIM7_IRQn=true\:7\:0\:true\:false\:true\:true\:true
NVIC.TimeBase=TIM1_UP_TIM10_IRQn
NVIC.TimeBaseIP=TIM1
NVIC.USART1_IRQn=true\:7\:0\:true\:false\:true\:true\:true
NVIC.UsageFault_IRQn=true\:0\:0\:false\:false\:false\:false\:false
PA0-WKUP.GPIOParameters=GPIO_PuPd,GPIO_Mode
PA0-WKUP.GPIO_Mode=GPIO_MODE_INPUT
PA0-WKUP.GPIO_PuPd=GPIO_PULLUP
PA0-WKUP.Locked=true
PA0-WKUP.Signal=GPIO_Input
PA1.Signal=S_TIM5_CH2
PA10.Locked=true
PA10.Mode=Asynchronous
PA10.Signal=USART1_RX
PA11.GPIOParameters=GPIO_Speed,GPIO_PuPd
PA11.GPIO_PuPd=GPIO_NOPULL
PA11.GPIO_Speed=GPIO_SPEED_FREQ_MEDIUM
PA11.Mode=Host_Only
PA11.Signal=USB_OTG_FS_DM
PA12.GPIOParameters=GPIO_Speed,GPIO_PuPd
PA12.GPIO_PuPd=GPIO_NOPULL
PA12.GPIO_Speed=GPIO_SPEED_FREQ_MEDIUM
PA12.Mode=Host_Only
PA12.Signal=USB_OTG_FS_DP
PA15.GPIOParameters=GPIO_PuPd,GPIO_Mode
PA15.GPIO_Mode=GPIO_MODE_INPUT
PA15.GPIO_PuPd=GPIO_PULLUP
PA15.Locked=true
PA15.Signal=GPIO_Input
PA2.Locked=true
PA2.Signal=GPIO_Output
PA3.Locked=true
PA3.Signal=GPIO_Output
PA4.GPIOParameters=GPIO_PuPd,GPIO_Mode
PA4.GPIO_Mode=GPIO_MODE_INPUT
PA4.GPIO_PuPd=GPIO_PULLUP
PA4.Locked=true
PA4.Signal=GPIO_Input
PA5.Locked=true
PA5.Signal=ADCx_IN5
PA6.Signal=ADCx_IN6
PA7.Signal=ADCx_IN7
PA8.Locked=true
PA8.Signal=GPIO_Output
PA9.Locked=true
PA9.Mode=Asynchronous
PA9.Signal=USART1_TX
PB0.Locked=true
PB0.Signal=GPIO_Output
PB1.Locked=true
PB1.Signal=GPIO_Input
PB10.Locked=true
PB10.Signal=GPIO_Output
PB11.Locked=true
PB11.Signal=GPIO_Output
PB12.Locked=true
PB12.Signal=GPIO_Output
PB13.Locked=true
PB13.Signal=GPIO_Output
PB2.Locked=true
PB2.Signal=GPIO_Input
PB5.Signal=S_TIM3_CH2
PB6.GPIOParameters=GPIO_PuPd,GPIO_Mode
PB6.GPIO_Mode=GPIO_MODE_INPUT
PB6.GPIO_PuPd=GPIO_PULLUP
PB6.Locked=true
PB6.Signal=GPIO_Input
PB7.Locked=true
PB7.Signal=GPIO_Output
PB9.Locked=true
PB9.Signal=GPIO_Output
PC0.Locked=true
PC0.Signal=GPIO_Output
PC1.Locked=true
PC1.Signal=GPIO_Output
PC10.GPIOParameters=GPIO_PuPd,GPIO_Speed_High_Default,GPIO_Mode
PC10.GPIO_Mode=GPIO_MODE_AF_PP
PC10.GPIO_PuPd=GPIO_PULLUP
PC10.GPIO_Speed_High_Default=GPIO_SPEED_FREQ_LOW
PC10.Mode=SD_4_bits_Wide_bus
PC10.Signal=SDIO_D2
PC11.GPIOParameters=GPIO_PuPd,GPIO_Speed_High_Default,GPIO_Mode
PC11.GPIO_Mode=GPIO_MODE_AF_PP
PC11.GPIO_PuPd=GPIO_PULLUP
PC11.GPIO_Speed_High_Default=GPIO_SPEED_FREQ_LOW
PC11.Mode=SD_4_bits_Wide_bus
PC11.Signal=SDIO_D3
PC12.GPIOParameters=GPIO_PuPd,GPIO_Speed_High_Default,GPIO_Mode
PC12.GPIO_Mode=GPIO_MODE_AF_PP
PC12.GPIO_PuPd=GPIO_NOPULL
PC12.GPIO_Speed_High_Default=GPIO_SPEED_FREQ_LOW
PC12.Mode=SD_4_bits_Wide_bus
PC12.Signal=SDIO_CK
PC13-ANTI_TAMP.Locked=true
PC13-ANTI_TAMP.Signal=GPIO_Output
PC15-OSC32_OUT.Locked=true
PC15-OSC32_OUT.Signal=GPIO_Output
PC2.GPIOParameters=GPIO_PuPd,GPIO_Mode
PC2.GPIO_Mode=GPIO_MODE_INPUT
PC2.GPIO_PuPd=GPIO_PULLUP
PC2.Locked=true
PC2.Signal=GPIO_Input
PC3.Locked=true
PC3.Signal=GPIO_Output
PC4.Locked=true
PC4.Signal=GPIO_Output
PC5.Locked=true
PC5.Signal=GPIO_Output
PC6.Locked=true
PC6.Signal=GPIO_Output
PC7.Locked=true
PC7.Signal=GPIO_Output
PC8.GPIOParameters=GPIO_PuPd,GPIO_Speed_High_Default,GPIO_Mode
PC8.GPIO_Mode=GPIO_MODE_AF_PP
PC8.GPIO_PuPd=GPIO_PULLUP
PC8.GPIO_Speed_High_Default=GPIO_SPEED_FREQ_LOW
PC8.Mode=SD_4_bits_Wide_bus
PC8.Signal=SDIO_D0
PC9.GPIOParameters=GPIO_PuPd,GPIO_Speed_High_Default,GPIO_Mode
PC9.GPIO_Mode=GPIO_MODE_AF_PP
PC9.GPIO_PuPd=GPIO_PULLUP
PC9.GPIO_Speed_High_Default=GPIO_SPEED_FREQ_LOW
PC9.Mode=SD_4_bits_Wide_bus
PC9.Signal=SDIO_D1
PD0.GPIOParameters=GPIO_PuPd,GPIO_Speed_High_Default,GPIO_Mode
PD0.GPIO_Mode=GPIO_MODE_AF_PP
PD0.GPIO_PuPd=GPIO_PULLUP
PD0.GPIO_Speed_High_Default=GPIO_SPEED_FREQ_LOW
PD0.Mode=16b-d1
PD0.Signal=FSMC_D2
PD1.GPIOParameters=GPIO_PuPd,GPIO_Speed_High_Default,GPIO_Mode
PD1.GPIO_Mode=GPIO_MODE_AF_PP
PD1.GPIO_PuPd=GPIO_PULLUP
PD1.GPIO_Speed_High_Default=GPIO_SPEED_FREQ_LOW
PD1.Mode=16b-d1
PD1.Signal=FSMC_D3
PD10.GPIOParameters=GPIO_PuPd,GPIO_Speed_High_Default,GPIO_Mode
PD10.GPIO_Mode=GPIO_MODE_AF_PP
PD10.GPIO_PuPd=GPIO_PULLUP
PD10.GPIO_Speed_High_Default=GPIO_SPEED_FREQ_LOW
PD10.Mode=16b-d1
PD10.Signal=FSMC_D15
PD11.Locked=true
PD11.Signal=GPIO_Output
PD12.Locked=true
PD12.Signal=GPIO_Output
PD13.GPIOParameters=GPIO_Speed,GPIO_PuPd,GPIO_ModeDefaultOutputPP
PD13.GPIO_ModeDefaultOutputPP=GPIO_MODE_OUTPUT_PP
PD13.GPIO_PuPd=GPIO_NOPULL
PD13.GPIO_Speed=GPIO_SPEED_FREQ_LOW
PD13.Locked=true
PD13.Signal=GPIO_Output
PD14.GPIOParameters=GPIO_PuPd,GPIO_Speed_High_Default,GPIO_Mode
PD14.GPIO_Mode=GPIO_MODE_AF_PP
PD14.GPIO_PuPd=GPIO_PULLUP
PD14.GPIO_Speed_High_Default=GPIO_SPEED_FREQ_LOW
PD14.Mode=16b-d1
PD14.Signal=FSMC_D0
PD15.GPIOParameters=GPIO_PuPd,GPIO_Speed_High_Default,GPIO_Mode
PD15.GPIO_Mode=GPIO_MODE_AF_PP
PD15.GPIO_PuPd=GPIO_PULLUP
PD15.GPIO_Speed_High_Default=GPIO_SPEED_FREQ_LOW
PD15.Mode=16b-d1
PD15.Signal=FSMC_D1
PD2.GPIOParameters=GPIO_PuPd,GPIO_Speed_High_Default,GPIO_Mode
PD2.GPIO_Mode=GPIO_MODE_AF_PP
PD2.GPIO_PuPd=GPIO_PULLUP
PD2.GPIO_Speed_High_Default=GPIO_SPEED_FREQ_LOW
PD2.Mode=SD_4_bits_Wide_bus
PD2.Signal=SDIO_CMD
PD3.GPIOParameters=GPIO_PuPd,GPIO_ModeDefaultEXTI
PD3.GPIO_ModeDefaultEXTI=GPIO_MODE_IT_FALLING
PD3.GPIO_PuPd=GPIO_PULLUP
PD3.Locked=true
PD3.Signal=GPXTI3
PD4.GPIOParameters=GPIO_PuPd,GPIO_Speed_High_Default,GPIO_Mode
PD4.GPIO_Mode=GPIO_MODE_AF_PP
PD4.GPIO_PuPd=GPIO_PULLUP
PD4.GPIO_Speed_High_Default=GPIO_SPEED_FREQ_LOW
PD4.Mode=Lcd1
PD4.Signal=FSMC_NOE
PD5.GPIOParameters=GPIO_PuPd,GPIO_Speed_High_Default,GPIO_Mode
PD5.GPIO_Mode=GPIO_MODE_AF_PP
PD5.GPIO_PuPd=GPIO_PULLUP
PD5.GPIO_Speed_High_Default=GPIO_SPEED_FREQ_LOW
PD5.Mode=Lcd1
PD5.Signal=FSMC_NWE
PD6.Locked=true
PD6.Signal=GPIO_Output
PD7.GPIOParameters=GPIO_PuPd,GPIO_Speed_High_Default,GPIO_Mode
PD7.GPIO_Mode=GPIO_MODE_AF_PP
PD7.GPIO_PuPd=GPIO_PULLUP
PD7.GPIO_Speed_High_Default=GPIO_SPEED_FREQ_LOW
PD7.Mode=NorPsramChipSelect1_1
PD7.Signal=FSMC_NE1
PD8.GPIOParameters=GPIO_PuPd,GPIO_Speed_High_Default,GPIO_Mode
PD8.GPIO_Mode=GPIO_MODE_AF_PP
PD8.GPIO_PuPd=GPIO_PULLUP
PD8.GPIO_Speed_High_Default=GPIO_SPEED_FREQ_LOW
PD8.Mode=16b-d1
PD8.Signal=FSMC_D13
PD9.GPIOParameters=GPIO_PuPd,GPIO_Speed_High_Default,GPIO_Mode
PD9.GPIO_Mode=GPIO_MODE_AF_PP
PD9.GPIO_PuPd=GPIO_PULLUP
PD9.GPIO_Speed_High_Default=GPIO_SPEED_FREQ_LOW
PD9.Mode=16b-d1
PD9.Signal=FSMC_D14
PE0.Locked=true
PE0.Signal=GPIO_Output
PE1.Locked=true
PE1.Signal=GPIO_Output
PE10.GPIOParameters=GPIO_PuPd,GPIO_Speed_High_Default,GPIO_Mode
PE10.GPIO_Mode=GPIO_MODE_AF_PP
PE10.GPIO_PuPd=GPIO_PULLUP
PE10.GPIO_Speed_High_Default=GPIO_SPEED_FREQ_LOW
PE10.Mode=16b-d1
PE10.Signal=FSMC_D7
PE11.GPIOParameters=GPIO_PuPd,GPIO_Speed_High_Default,GPIO_Mode
PE11.GPIO_Mode=GPIO_MODE_AF_PP
PE11.GPIO_PuPd=GPIO_PULLUP
PE11.GPIO_Speed_High_Default=GPIO_SPEED_FREQ_LOW
PE11.Mode=16b-d1
PE11.Signal=FSMC_D8
PE12.GPIOParameters=GPIO_PuPd,GPIO_Speed_High_Default,GPIO_Mode
PE12.GPIO_Mode=GPIO_MODE_AF_PP
PE12.GPIO_PuPd=GPIO_PULLUP
PE12.GPIO_Speed_High_Default=GPIO_SPEED_FREQ_LOW
PE12.Mode=16b-d1
PE12.Signal=FSMC_D9
PE13.GPIOParameters=GPIO_PuPd,GPIO_Speed_High_Default,GPIO_Mode
PE13.GPIO_Mode=GPIO_MODE_AF_PP
PE13.GPIO_PuPd=GPIO_PULLUP
PE13.GPIO_Speed_High_Default=GPIO_SPEED_FREQ_LOW
PE13.Mode=16b-d1
PE13.Signal=FSMC_D10
PE14.GPIOParameters=GPIO_PuPd,GPIO_Speed_High_Default,GPIO_Mode
PE14.GPIO_Mode=GPIO_MODE_AF_PP
PE14.GPIO_PuPd=GPIO_PULLUP
PE14.GPIO_Speed_High_Default=GPIO_SPEED_FREQ_LOW
PE14.Mode=16b-d1
PE14.Signal=FSMC_D11
PE15.GPIOParameters=GPIO_PuPd,GPIO_Speed_High_Default,GPIO_Mode
PE15.GPIO_Mode=GPIO_MODE_AF_PP
PE15.GPIO_PuPd=GPIO_PULLUP
PE15.GPIO_Speed_High_Default=GPIO_SPEED_FREQ_LOW
PE15.Mode=16b-d1
PE15.Signal=FSMC_D12
PE2.Locked=true
PE2.Signal=GPIO_Output
PE3.Locked=true
PE3.Signal=GPIO_Output
PE4.Locked=true
PE4.Signal=GPIO_Output
PE5.Locked=true
PE5.Signal=GPIO_Output
PE6.GPIOParameters=GPIO_PuPd,GPIO_Speed_High_Default,GPIO_Mode
PE6.GPIO_Mode=GPIO_MODE_AF_PP
PE6.GPIO_PuPd=GPIO_PULLUP
PE6.GPIO_Speed_High_Default=GPIO_SPEED_FREQ_LOW
PE6.Mode=A22_1
PE6.Signal=FSMC_A22
PE7.GPIOParameters=GPIO_PuPd,GPIO_Speed_High_Default,GPIO_Mode
PE7.GPIO_Mode=GPIO_MODE_AF_PP
PE7.GPIO_PuPd=GPIO_PULLUP
PE7.GPIO_Speed_High_Default=GPIO_SPEED_FREQ_LOW
PE7.Mode=16b-d1
PE7.Signal=FSMC_D4
PE8.GPIOParameters=GPIO_PuPd,GPIO_Speed_High_Default,GPIO_Mode
PE8.GPIO_Mode=GPIO_MODE_AF_PP
PE8.GPIO_PuPd=GPIO_PULLUP
PE8.GPIO_Speed_High_Default=GPIO_SPEED_FREQ_LOW
PE8.Mode=16b-d1
PE8.Signal=FSMC_D5
PE9.GPIOParameters=GPIO_PuPd,GPIO_Speed_High_Default,GPIO_Mode
PE9.GPIO_Mode=GPIO_MODE_AF_PP
PE9.GPIO_PuPd=GPIO_PULLUP
PE9.GPIO_Speed_High_Default=GPIO_SPEED_FREQ_LOW
PE9.Mode=16b-d1
PE9.Signal=FSMC_D6
PH0-OSC_IN.Mode=HSE-External-Oscillator
PH0-OSC_IN.Signal=RCC_OSC_IN
PH1-OSC_OUT.Mode=HSE-External-Oscillator
PH1-OSC_OUT.Signal=RCC_OSC_OUT
PinOutPanel.RotationAngle=0
ProjectManager.AskForMigrate=true
ProjectManager.BackupPrevious=false
ProjectManager.CompilerOptimize=6
ProjectManager.ComputerToolchain=false
ProjectManager.CoupleFile=false
ProjectManager.CustomerFirmwarePackage=
ProjectManager.DefaultFWLocation=true
ProjectManager.DeletePrevious=true
ProjectManager.DeviceId=STM32F407VGTx
ProjectManager.FirmwarePackage=STM32Cube FW_F4 V1.23.0
ProjectManager.FreePins=false
ProjectManager.HalAssertFull=false
ProjectManager.HeapSize=0x2400
ProjectManager.KeepUserCode=true
ProjectManager.LastFirmware=true
ProjectManager.LibraryCopy=0
ProjectManager.MainLocation=Src
ProjectManager.NoMain=false
ProjectManager.PreviousToolchain=
ProjectManager.ProjectBuild=false
ProjectManager.ProjectFileName=STM32F407.ioc
ProjectManager.ProjectName=STM32F407
ProjectManager.RegisterCallBack=
ProjectManager.StackSize=0x2400
ProjectManager.TargetToolchain=MDK-ARM V5
ProjectManager.ToolChainLocation=
ProjectManager.UnderRoot=false
ProjectManager.functionlistsort=1-MX_GPIO_Init-GPIO-false-HAL-true,2-MX_DMA_Init-DMA-false-HAL-true,3-SystemClock_Config-RCC-false-HAL-true,4-MX_ADC1_Init-ADC1-false-HAL-true,5-MX_FSMC_Init-FSMC-false-HAL-true,6-MX_IWDG_Init-IWDG-false-HAL-true,7-MX_SDIO_SD_Init-SDIO-false-HAL-true,8-MX_TIM3_Init-TIM3-false-HAL-true,9-MX_TIM4_Init-TIM4-false-HAL-true,10-MX_TIM5_Init-TIM5-false-HAL-true,11-MX_USART1_UART_Init-USART1-false-HAL-true,12-MX_FATFS_Init-FATFS-false-HAL-false,13-MX_USB_HOST_Init-USB_HOST-false-HAL-false,14-MX_TIM2_Init-TIM2-false-HAL-true,15-MX_TIM6_Init-TIM6-false-HAL-true,16-MX_TIM7_Init-TIM7-false-HAL-true
RCC.48MHZClocksFreq_Value=48000000
RCC.AHBFreq_Value=168000000
RCC.APB1CLKDivider=RCC_HCLK_DIV4
RCC.APB1Freq_Value=42000000
RCC.APB1TimFreq_Value=84000000
RCC.APB2CLKDivider=RCC_HCLK_DIV2
RCC.APB2Freq_Value=84000000
RCC.APB2TimFreq_Value=168000000
RCC.CortexFreq_Value=21000000
RCC.Cortex_Div=SYSTICK_CLKSOURCE_HCLK_DIV8
RCC.EthernetFreq_Value=168000000
RCC.FCLKCortexFreq_Value=168000000
RCC.FamilyName=M
RCC.HCLKFreq_Value=168000000
RCC.HSE_VALUE=8000000
RCC.HSI_VALUE=16000000
RCC.I2SClocksFreq_Value=96000000
RCC.IPParameters=48MHZClocksFreq_Value,AHBFreq_Value,APB1CLKDivider,APB1Freq_Value,APB1TimFreq_Value,APB2CLKDivider,APB2Freq_Value,APB2TimFreq_Value,CortexFreq_Value,Cortex_Div,EthernetFreq_Value,FCLKCortexFreq_Value,FamilyName,HCLKFreq_Value,HSE_VALUE,HSI_VALUE,I2SClocksFreq_Value,LSE_VALUE,LSI_VALUE,MCO2PinFreq_Value,PLLCLKFreq_Value,PLLM,PLLN,PLLQ,PLLQCLKFreq_Value,RTCFreq_Value,RTCHSEDivFreq_Value,SYSCLKFreq_VALUE,SYSCLKSource,VCOI2SOutputFreq_Value,VCOInputFreq_Value,VCOOutputFreq_Value,VcooutputI2S
RCC.LSE_VALUE=32768
RCC.LSI_VALUE=32000
RCC.MCO2PinFreq_Value=168000000
RCC.PLLCLKFreq_Value=168000000
RCC.PLLM=8
RCC.PLLN=336
RCC.PLLQ=7
RCC.PLLQCLKFreq_Value=48000000
RCC.RTCFreq_Value=32000
RCC.RTCHSEDivFreq_Value=4000000
RCC.SYSCLKFreq_VALUE=168000000
RCC.SYSCLKSource=RCC_SYSCLKSOURCE_PLLCLK
RCC.VCOI2SOutputFreq_Value=192000000
RCC.VCOInputFreq_Value=1000000
RCC.VCOOutputFreq_Value=336000000
RCC.VcooutputI2S=96000000
SDIO.ClockDiv=22
SDIO.IPParameters=ClockDiv
SH.ADCx_IN5.0=ADC1_IN5,IN5
SH.ADCx_IN5.ConfNb=1
SH.ADCx_IN6.0=ADC1_IN6,IN6
SH.ADCx_IN6.ConfNb=1
SH.ADCx_IN7.0=ADC1_IN7,IN7
SH.ADCx_IN7.ConfNb=1
SH.GPXTI3.0=GPIO_EXTI3
SH.GPXTI3.ConfNb=1
SH.S_TIM3_CH2.0=TIM3_CH2,PWM Generation2 CH2
SH.S_TIM3_CH2.ConfNb=1
SH.S_TIM5_CH2.0=TIM5_CH2,PWM Generation2 CH2
SH.S_TIM5_CH2.ConfNb=1
TIM2.IPParameters=Prescaler,Period
TIM2.Period=1999
TIM2.Prescaler=83
TIM3.Channel-PWM\ Generation2\ CH2=TIM_CHANNEL_2
TIM3.IPParameters=Prescaler,Period,OCPolarity_2,Channel-PWM Generation2 CH2,Pulse-PWM Generation2 CH2
TIM3.OCPolarity_2=TIM_OCPOLARITY_LOW
TIM3.Period=999
TIM3.Prescaler=167
TIM3.Pulse-PWM\ Generation2\ CH2=999
TIM4.IPParameters=Prescaler,Period
TIM4.Period=16383
TIM4.Prescaler=41
TIM5.Channel-PWM\ Generation2\ CH2=TIM_CHANNEL_2
TIM5.IPParameters=Prescaler,Period,Channel-PWM Generation2 CH2
TIM5.Period=999
TIM5.Prescaler=83
TIM6.IPParameters=Prescaler,Period
TIM6.Period=999
TIM6.Prescaler=83
TIM7.IPParameters=Prescaler,Period
TIM7.Period=9
TIM7.Prescaler=41
USART1.IPParameters=VirtualMode
USART1.VirtualMode=VM_ASYNC
USB_HOST.IPParameters=USBH_PROCESS_PRIO-MSC_FS,VirtualModeFS,USBH_PROCESS_STACK_SIZE-MSC_FS,USBH_HandleTypeDef-MSC_FS,USBH_MAX_SIZE_CONFIGURATION-MSC_FS
USB_HOST.USBH_HandleTypeDef-MSC_FS=hUsbHostFS
USB_HOST.USBH_MAX_SIZE_CONFIGURATION-MSC_FS=512
USB_HOST.USBH_PROCESS_PRIO-MSC_FS=osPriorityHigh
USB_HOST.USBH_PROCESS_STACK_SIZE-MSC_FS=1024
USB_HOST.VirtualModeFS=Msc
USB_OTG_FS.IPParameters=phy_itface,VirtualMode
USB_OTG_FS.VirtualMode=Host_Only
USB_OTG_FS.phy_itface=HCD_PHY_EMBEDDED
VP_FATFS_VS_SDIO.Mode=SDIO
VP_FATFS_VS_SDIO.Signal=FATFS_VS_SDIO
VP_FATFS_VS_USB.Mode=USB
VP_FATFS_VS_USB.Signal=FATFS_VS_USB
VP_FREERTOS_VS_ENABLE.Mode=Enabled
VP_FREERTOS_VS_ENABLE.Signal=FREERTOS_VS_ENABLE
VP_IWDG_VS_IWDG.Mode=IWDG_Activate
VP_IWDG_VS_IWDG.Signal=IWDG_VS_IWDG
VP_SYS_VS_tim1.Mode=TIM1
VP_SYS_VS_tim1.Signal=SYS_VS_tim1
VP_TIM2_VS_ClockSourceINT.Mode=Internal
VP_TIM2_VS_ClockSourceINT.Signal=TIM2_VS_ClockSourceINT
VP_TIM3_VS_ClockSourceINT.Mode=Internal
VP_TIM3_VS_ClockSourceINT.Signal=TIM3_VS_ClockSourceINT
VP_TIM4_VS_ClockSourceINT.Mode=Internal
VP_TIM4_VS_ClockSourceINT.Signal=TIM4_VS_ClockSourceINT
VP_TIM5_VS_ClockSourceINT.Mode=Internal
VP_TIM5_VS_ClockSourceINT.Signal=TIM5_VS_ClockSourceINT
VP_TIM6_VS_ClockSourceINT.Mode=Enable_Timer
VP_TIM6_VS_ClockSourceINT.Signal=TIM6_VS_ClockSourceINT
VP_TIM7_VS_ClockSourceINT.Mode=Enable_Timer
VP_TIM7_VS_ClockSourceINT.Signal=TIM7_VS_ClockSourceINT
VP_USB_HOST_VS_USB_HOST_MSC_FS.Mode=MSC_FS
VP_USB_HOST_VS_USB_HOST_MSC_FS.Signal=USB_HOST_VS_USB_HOST_MSC_FS
board=APP2
